<Solution>
  <Folder Name="/src/">
    <Project Path="src/EmuSen.Pegasus.Core/EmuSen.Pegasus.Core.fsproj" />
    <Project Path="src/EmuSen.Pegasus/EmuSen.Pegasus.fsproj" />
  </Folder>
  <Folder Name="/tests/">
    <Project Path="tests/EmuSen.Pegasus.Tests/EmuSen.Pegasus.Tests.fsproj" />
  </Folder>
</Solution>
